
Microsoft Visual Studio Solution File, Format Version 12.00
# Visual Studio Version 17
VisualStudioVersion = 17.10.34916.146
MinimumVisualStudioVersion = 10.0.40219.1
Project("{FAE04EC0-301F-11D3-BF4B-00C04F79EFBC}") = "NSSumNumbers", "NSSumNumbers\NSSumNumbers.csproj", "{C88627CA-225F-44D8-9E1E-C5CCF3B3FD6A}"
EndProject
Global
	GlobalSection(SolutionConfigurationPlatforms) = preSolution
		Debug|Any CPU = Debug|Any CPU
		Release|Any CPU = Release|Any CPU
	EndGlobalSection
	GlobalSection(ProjectConfigurationPlatforms) = postSolution
		{C88627CA-225F-44D8-9E1E-C5CCF3B3FD6A}.Debug|Any CPU.ActiveCfg = Debug|Any CPU
		{C88627CA-225F-44D8-9E1E-C5CCF3B3FD6A}.Debug|Any CPU.Build.0 = Debug|Any CPU
		{C88627CA-225F-44D8-9E1E-C5CCF3B3FD6A}.Release|Any CPU.ActiveCfg = Release|Any CPU
		{C88627CA-225F-44D8-9E1E-C5CCF3B3FD6A}.Release|Any CPU.Build.0 = Release|Any CPU
	EndGlobalSection
	GlobalSection(SolutionProperties) = preSolution
		HideSolutionNode = FALSE
	EndGlobalSection
	GlobalSection(ExtensibilityGlobals) = postSolution
		SolutionGuid = {51EE9EC0-D07C-45D2-B5EF-0CF4645A1AB6}
	EndGlobalSection
EndGlobal
